
Microsoft Visual Studio Solution File, Format Version 12.00
# Visual Studio Version 16
VisualStudioVersion = 16.0.31205.134
MinimumVisualStudioVersion = 10.0.40219.1
Project("{9A19103F-16F7-4668-BE54-9A1E7A4F7556}") = "Lab1", "Lab1\Lab1.csproj", "{7A2834EA-99A8-449A-B2A1-909884A75E1D}"
EndProject
Project("{FAE04EC0-301F-11D3-BF4B-00C04F79EFBC}") = "ConsoleApp1", "ConsoleApp1\ConsoleApp1.csproj", "{7885BCA8-ABE6-4C74-B2E9-F6554D311ADC}"
EndProject
Global
	GlobalSection(SolutionConfigurationPlatforms) = preSolution
		Debug|Any CPU = Debug|Any CPU
		Release|Any CPU = Release|Any CPU
	EndGlobalSection
	GlobalSection(ProjectConfigurationPlatforms) = postSolution
		{7A2834EA-99A8-449A-B2A1-909884A75E1D}.Debug|Any CPU.ActiveCfg = Debug|Any CPU
		{7A2834EA-99A8-449A-B2A1-909884A75E1D}.Debug|Any CPU.Build.0 = Debug|Any CPU
		{7A2834EA-99A8-449A-B2A1-909884A75E1D}.Release|Any CPU.ActiveCfg = Release|Any CPU
		{7A2834EA-99A8-449A-B2A1-909884A75E1D}.Release|Any CPU.Build.0 = Release|Any CPU
		{7885BCA8-ABE6-4C74-B2E9-F6554D311ADC}.Debug|Any CPU.ActiveCfg = Debug|Any CPU
		{7885BCA8-ABE6-4C74-B2E9-F6554D311ADC}.Debug|Any CPU.Build.0 = Debug|Any CPU
		{7885BCA8-ABE6-4C74-B2E9-F6554D311ADC}.Release|Any CPU.ActiveCfg = Release|Any CPU
		{7885BCA8-ABE6-4C74-B2E9-F6554D311ADC}.Release|Any CPU.Build.0 = Release|Any CPU
	EndGlobalSection
	GlobalSection(SolutionProperties) = preSolution
		HideSolutionNode = FALSE
	EndGlobalSection
	GlobalSection(ExtensibilityGlobals) = postSolution
		SolutionGuid = {DFBE7CC6-AC0D-4329-9A6C-D9642DBDFB8F}
	EndGlobalSection
EndGlobal
